PODS:
  - ScribbleConverter (0.3.10):
    - SwiftProtobuf (~> 1.19.0)
  - SwiftProtobuf (1.19.1)

DEPENDENCIES:
  - ScribbleConverter (from `../`)

SPEC REPOS:
  trunk:
    - SwiftProtobuf

EXTERNAL SOURCES:
  ScribbleConverter:
    :path: "../"

SPEC CHECKSUMS:
  ScribbleConverter: 487bc27e5e6e752a9f71d26d2a70331765abd4ea
  SwiftProtobuf: 59d9ea2eb5f84b509f32d170a65f3348ae758f1e

PODFILE CHECKSUM: fd7762b1eb3b467b6f238675f3e1d8c479c2c3dd

COCOAPODS: 1.11.3
