PODS:
  - ScribbleConverter (0.2.0):
    - SwiftProtobuf (~> 1.19.0)
  - SwiftProtobuf (1.19.0)

DEPENDENCIES:
  - ScribbleConverter (from `../`)

SPEC REPOS:
  trunk:
    - SwiftProtobuf

EXTERNAL SOURCES:
  ScribbleConverter:
    :path: "../"

SPEC CHECKSUMS:
  ScribbleConverter: 75f7d3b1f712fd0c03de396d3a40d1599e433c9b
  SwiftProtobuf: 6ef3f0e422ef90d6605ca20b21a94f6c1324d6b3

PODFILE CHECKSUM: 438c66f6fcdf3b5d53f6645e8aa4537dedd2bf7c

COCOAPODS: 1.11.3
