{
  "object": {
    "pins": [
      {
        "package": "SwiftProtobuf",
        "repositoryURL": "https://github.com/apple/swift-protobuf.git",
        "state": {
          "branch": null,
          "revision": "fa0fcd43f272a260e7f734f23e6dc55e16fcae0a",
          "version": "1.19.1"
        }
      }
    ]
  },
  "version": 1
}
